// !$*UTF8*$!
{
	archiveVersion = 1;
	classes = {
	};
	objectVersion = 46;
	objects = {

/* Begin PBXBuildFile section */
		4523E19C16F9EE2600761733 /* AudioToolbox.framework in Frameworks */ = {isa = PBXBuildFile; fileRef = 4523E19A16F9EE2600761733 /* AudioToolbox.framework */; };
		4523E19D16F9EE2600761733 /* AVFoundation.framework in Frameworks */ = {isa = PBXBuildFile; fileRef = 4523E19B16F9EE2600761733 /* AVFoundation.framework */; };
		604CCD8F16A6F31000E87194 /* UIKit.framework in Frameworks */ = {isa = PBXBuildFile; fileRef = 604CCD8E16A6F31000E87194 /* UIKit.framework */; };
		604CCD9116A6F31000E87194 /* Foundation.framework in Frameworks */ = {isa = PBXBuildFile; fileRef = 604CCD9016A6F31000E87194 /* Foundation.framework */; };
		604CCD9316A6F31000E87194 /* CoreGraphics.framework in Frameworks */ = {isa = PBXBuildFile; fileRef = 604CCD9216A6F31000E87194 /* CoreGraphics.framework */; };
		60AA4F7316A829100026DE8D /* CoreMotion.framework in Frameworks */ = {isa = PBXBuildFile; fileRef = 60AA4F7216A829100026DE8D /* CoreMotion.framework */; };
		D31AA2C51951FD19004ACB8D /* HeartRateMonitor.framework in Frameworks */ = {isa = PBXBuildFile; fileRef = D31AA2B01951FD19004ACB8D /* HeartRateMonitor.framework */; };
		D31AA2C61951FD19004ACB8D /* HeartRateMonitor.framework in Embed Frameworks */ = {isa = PBXBuildFile; fileRef = D31AA2B01951FD19004ACB8D /* HeartRateMonitor.framework */; settings = {ATTRIBUTES = (CodeSignOnCopy, ); }; };
		D31AA2DA1951FD6A004ACB8D /* HeartRateMonitorData.h in Headers */ = {isa = PBXBuildFile; fileRef = D31AA2D21951FD6A004ACB8D /* HeartRateMonitorData.h */; settings = {ATTRIBUTES = (Public, ); }; };
		D31AA2DB1951FD6A004ACB8D /* HeartRateMonitorData.m in Sources */ = {isa = PBXBuildFile; fileRef = D31AA2D31951FD6A004ACB8D /* HeartRateMonitorData.m */; };
		D31AA2DC1951FD6A004ACB8D /* HeartRateMonitorDevice.h in Headers */ = {isa = PBXBuildFile; fileRef = D31AA2D41951FD6A004ACB8D /* HeartRateMonitorDevice.h */; settings = {ATTRIBUTES = (Public, ); }; };
		D31AA2DD1951FD6A004ACB8D /* HeartRateMonitorDevice.m in Sources */ = {isa = PBXBuildFile; fileRef = D31AA2D51951FD6A004ACB8D /* HeartRateMonitorDevice.m */; };
		D31AA2DE1951FD6A004ACB8D /* HeartRateMonitorDeviceDelegate.h in Headers */ = {isa = PBXBuildFile; fileRef = D31AA2D61951FD6A004ACB8D /* HeartRateMonitorDeviceDelegate.h */; settings = {ATTRIBUTES = (Public, ); }; };
		D31AA2DF1951FD6A004ACB8D /* HeartRateMonitorManager.h in Headers */ = {isa = PBXBuildFile; fileRef = D31AA2D71951FD6A004ACB8D /* HeartRateMonitorManager.h */; settings = {ATTRIBUTES = (Public, ); }; };
		D31AA2E01951FD6A004ACB8D /* HeartRateMonitorManager.m in Sources */ = {isa = PBXBuildFile; fileRef = D31AA2D81951FD6A004ACB8D /* HeartRateMonitorManager.m */; };
		D31AA2E11951FD6A004ACB8D /* HeartRateMonitorManagerDelegate.h in Headers */ = {isa = PBXBuildFile; fileRef = D31AA2D91951FD6A004ACB8D /* HeartRateMonitorManagerDelegate.h */; settings = {ATTRIBUTES = (Public, ); }; };
		D31AA2E31951FDE5004ACB8D /* HeartRateMonitor.h in Headers */ = {isa = PBXBuildFile; fileRef = D31AA2E21951FDE5004ACB8D /* HeartRateMonitor.h */; settings = {ATTRIBUTES = (Public, ); }; };
		D31AA2E41951FEC1004ACB8D /* CoreBluetooth.framework in Frameworks */ = {isa = PBXBuildFile; fileRef = D36C44AF16D788BE000B8502 /* CoreBluetooth.framework */; };
		D324688219B8AA9E00355ABE /* SessionDetailViewController.m in Sources */ = {isa = PBXBuildFile; fileRef = D324688119B8AA9E00355ABE /* SessionDetailViewController.m */; };
		D329ACDE197A98BF00B144B5 /* HeartRateMonitorDeviceTableViewController.m in Sources */ = {isa = PBXBuildFile; fileRef = D329ACDD197A98BF00B144B5 /* HeartRateMonitorDeviceTableViewController.m */; };
		D329ACEB197A98F400B144B5 /* SelfReport+Description.m in Sources */ = {isa = PBXBuildFile; fileRef = D329ACE3197A98F400B144B5 /* SelfReport+Description.m */; };
		D329ACED197A98F400B144B5 /* Session+OutStream.m in Sources */ = {isa = PBXBuildFile; fileRef = D329ACE7197A98F400B144B5 /* Session+OutStream.m */; };
		D330863D187ECF1900A7B9DE /* HeartRateMonitor.framework in Frameworks */ = {isa = PBXBuildFile; fileRef = D330863C187ECF1900A7B9DE /* HeartRateMonitor.framework */; };
		D335030919A5D89B008CC93A /* Images.xcassets in Resources */ = {isa = PBXBuildFile; fileRef = D335030819A5D89B008CC93A /* Images.xcassets */; };
		D3383BAA1726CE1500AAC993 /* CoreData.framework in Frameworks */ = {isa = PBXBuildFile; fileRef = D3383BA91726CE1500AAC993 /* CoreData.framework */; };
		D34C9D191725044D004C261C /* AppDelegate.m in Sources */ = {isa = PBXBuildFile; fileRef = D34C9D151725044D004C261C /* AppDelegate.m */; };
		D34C9D1A1725044D004C261C /* main.m in Sources */ = {isa = PBXBuildFile; fileRef = D34C9D161725044D004C261C /* main.m */; };
		D34C9D2917250463004C261C /* SessionViewController.m in Sources */ = {isa = PBXBuildFile; fileRef = D34C9D1F17250463004C261C /* SessionViewController.m */; };
		D34C9D2C17250463004C261C /* PrefsTableViewController.m in Sources */ = {isa = PBXBuildFile; fileRef = D34C9D2517250463004C261C /* PrefsTableViewController.m */; };
		D35ABC10188EC2AE00BD1D2D /* LikertScaleViewController.m in Sources */ = {isa = PBXBuildFile; fileRef = D35ABC0F188EC2AE00BD1D2D /* LikertScaleViewController.m */; };
		D36C44B016D788BE000B8502 /* CoreBluetooth.framework in Frameworks */ = {isa = PBXBuildFile; fileRef = D36C44AF16D788BE000B8502 /* CoreBluetooth.framework */; };
		D37067D71733F41300F86BBD /* EditViewController.m in Sources */ = {isa = PBXBuildFile; fileRef = D37067D61733F41300F86BBD /* EditViewController.m */; };
		D3877C0B19BEEE0E00F21881 /* libz.dylib in Frameworks */ = {isa = PBXBuildFile; fileRef = D3877C0A19BEEE0E00F21881 /* libz.dylib */; };
		D3877C0D19BEEFED00F21881 /* ExternalAccessory.framework in Frameworks */ = {isa = PBXBuildFile; fileRef = D3877C0C19BEEFED00F21881 /* ExternalAccessory.framework */; };
		D38A216D16BFF9F80075D093 /* CoreLocation.framework in Frameworks */ = {isa = PBXBuildFile; fileRef = D38A216C16BFF9F80075D093 /* CoreLocation.framework */; };
		D38C595719E42B8B0069049C /* BEMCircle.m in Sources */ = {isa = PBXBuildFile; fileRef = D38C595219E42B8B0069049C /* BEMCircle.m */; };
		D38C595819E42B8B0069049C /* BEMLine.m in Sources */ = {isa = PBXBuildFile; fileRef = D38C595419E42B8B0069049C /* BEMLine.m */; };
		D38C595919E42B8B0069049C /* BEMSimpleLineGraphView.m in Sources */ = {isa = PBXBuildFile; fileRef = D38C595619E42B8B0069049C /* BEMSimpleLineGraphView.m */; };
		D38FBDBC196C1DC000C63681 /* MainStoryboard.storyboard in Resources */ = {isa = PBXBuildFile; fileRef = D38FBDB8196C1DC000C63681 /* MainStoryboard.storyboard */; };
		D396933D19BE10D700249D2C /* LabelAndSwitchTableViewCell.m in Sources */ = {isa = PBXBuildFile; fileRef = D396933C19BE10D700249D2C /* LabelAndSwitchTableViewCell.m */; };
		D39736C819B0C11D005D643D /* SelfReport.m in Sources */ = {isa = PBXBuildFile; fileRef = D39736C719B0C11D005D643D /* SelfReport.m */; };
		D39736CB19B0C11E005D643D /* Activity.m in Sources */ = {isa = PBXBuildFile; fileRef = D39736CA19B0C11E005D643D /* Activity.m */; };
		D39736CE19B0C11E005D643D /* HeartRateRecord.m in Sources */ = {isa = PBXBuildFile; fileRef = D39736CD19B0C11E005D643D /* HeartRateRecord.m */; };
		D39736D119B0C11E005D643D /* User.m in Sources */ = {isa = PBXBuildFile; fileRef = D39736D019B0C11E005D643D /* User.m */; };
		D39736D419B0C11E005D643D /* Session.m in Sources */ = {isa = PBXBuildFile; fileRef = D39736D319B0C11E005D643D /* Session.m */; };
		D39747B11882CC7B00CFF3DF /* libtouchzipkit.a in Frameworks */ = {isa = PBXBuildFile; fileRef = D39747AE1882CC6400CFF3DF /* libtouchzipkit.a */; };
		D398FAF119AB5B52003DB0CA /* HeartRateRecord+Description.m in Sources */ = {isa = PBXBuildFile; fileRef = D398FAF019AB5B52003DB0CA /* HeartRateRecord+Description.m */; };
		D3A1B21A19ED683E005DBB25 /* PropertyTableViewCell.m in Sources */ = {isa = PBXBuildFile; fileRef = D3A1B21919ED683E005DBB25 /* PropertyTableViewCell.m */; };
		D3A4629F1726E08900D454F7 /* SessionTableViewController.m in Sources */ = {isa = PBXBuildFile; fileRef = D3A4629E1726E08900D454F7 /* SessionTableViewController.m */; };
		D3AB053219D5581A00626323 /* 5min-silence.mp3 in Resources */ = {isa = PBXBuildFile; fileRef = D3AB053119D5581A00626323 /* 5min-silence.mp3 */; };
		D3B5EF5319ED55E100572C01 /* FlowMeter.xcdatamodeld in Sources */ = {isa = PBXBuildFile; fileRef = D3B5EF4F19ED55E100572C01 /* FlowMeter.xcdatamodeld */; };
		D3C129101863296A00C361CA /* MBProgressHUD.m in Sources */ = {isa = PBXBuildFile; fileRef = D3C1290F1863296A00C361CA /* MBProgressHUD.m */; };
		D3C1291318632A1E00C361CA /* Reachability.m in Sources */ = {isa = PBXBuildFile; fileRef = D3C1291218632A1E00C361CA /* Reachability.m */; };
		D3C1292A18632C9A00C361CA /* DropboxSDK.framework in Frameworks */ = {isa = PBXBuildFile; fileRef = D3C1292918632C9A00C361CA /* DropboxSDK.framework */; };
		D3C75BCD19E187A100AA35CA /* ZCSHoldProgress.m in Sources */ = {isa = PBXBuildFile; fileRef = D3C75BCC19E187A100AA35CA /* ZCSHoldProgress.m */; };
		D3C7ADC0171ED660000A7D34 /* Security.framework in Frameworks */ = {isa = PBXBuildFile; fileRef = D3C7ADBF171ED660000A7D34 /* Security.framework */; };
		D3C7ADC2171ED66A000A7D34 /* QuartzCore.framework in Frameworks */ = {isa = PBXBuildFile; fileRef = D3C7ADC1171ED66A000A7D34 /* QuartzCore.framework */; };
		D3C7ADC9171EEA44000A7D34 /* CFNetwork.framework in Frameworks */ = {isa = PBXBuildFile; fileRef = D3C7ADC8171EEA44000A7D34 /* CFNetwork.framework */; };
		D3C7ADCB171EEA8C000A7D34 /* SystemConfiguration.framework in Frameworks */ = {isa = PBXBuildFile; fileRef = D3C7ADCA171EEA8C000A7D34 /* SystemConfiguration.framework */; };
		D3DA4A7716DCCB0300ECBE4B /* GLKit.framework in Frameworks */ = {isa = PBXBuildFile; fileRef = D3DA4A7616DCCB0300ECBE4B /* GLKit.framework */; };
		D3EB072419BB9552005F0333 /* SessionPrefsTableViewController.m in Sources */ = {isa = PBXBuildFile; fileRef = D3EB072319BB9552005F0333 /* SessionPrefsTableViewController.m */; };
/* End PBXBuildFile section */

/* Begin PBXContainerItemProxy section */
		D31AA2C31951FD19004ACB8D /* PBXContainerItemProxy */ = {
			isa = PBXContainerItemProxy;
			containerPortal = 604CCD8116A6F31000E87194 /* Project object */;
			proxyType = 1;
			remoteGlobalIDString = D31AA2AF1951FD19004ACB8D;
			remoteInfo = HeartRateMonitor;
		};
		D31AA2C71951FD19004ACB8D /* PBXContainerItemProxy */ = {
			isa = PBXContainerItemProxy;
			containerPortal = 604CCD8116A6F31000E87194 /* Project object */;
			proxyType = 1;
			remoteGlobalIDString = D31AA2AF1951FD19004ACB8D;
			remoteInfo = HeartRateMonitor;
		};
		D39747A91882CC6400CFF3DF /* PBXContainerItemProxy */ = {
			isa = PBXContainerItemProxy;
			containerPortal = D39747A31882CC6400CFF3DF /* ZipKit.xcodeproj */;
			proxyType = 2;
			remoteGlobalIDString = CB6F09CE174838FC00F91524;
			remoteInfo = ZipKit;
		};
		D39747AB1882CC6400CFF3DF /* PBXContainerItemProxy */ = {
			isa = PBXContainerItemProxy;
			containerPortal = D39747A31882CC6400CFF3DF /* ZipKit.xcodeproj */;
			proxyType = 2;
			remoteGlobalIDString = CB6F0A4617483E5000F91524;
			remoteInfo = zipkit;
		};
		D39747AD1882CC6400CFF3DF /* PBXContainerItemProxy */ = {
			isa = PBXContainerItemProxy;
			containerPortal = D39747A31882CC6400CFF3DF /* ZipKit.xcodeproj */;
			proxyType = 2;
			remoteGlobalIDString = CB6F0A9817484BDE00F91524;
			remoteInfo = touchzipkit;
		};
		D39747AF1882CC7000CFF3DF /* PBXContainerItemProxy */ = {
			isa = PBXContainerItemProxy;
			containerPortal = D39747A31882CC6400CFF3DF /* ZipKit.xcodeproj */;
			proxyType = 1;
			remoteGlobalIDString = CB6F0A9717484BDE00F91524;
			remoteInfo = touchzipkit;
		};
/* End PBXContainerItemProxy section */

/* Begin PBXCopyFilesBuildPhase section */
		D31AA2D01951FD19004ACB8D /* Embed Frameworks */ = {
			isa = PBXCopyFilesBuildPhase;
			buildActionMask = 12;
			dstPath = "";
			dstSubfolderSpec = 10;
			files = (
				D31AA2C61951FD19004ACB8D /* HeartRateMonitor.framework in Embed Frameworks */,
			);
			name = "Embed Frameworks";
			runOnlyForDeploymentPostprocessing = 0;
		};
/* End PBXCopyFilesBuildPhase section */

/* Begin PBXFileReference section */
		4523E19A16F9EE2600761733 /* AudioToolbox.framework */ = {isa = PBXFileReference; lastKnownFileType = wrapper.framework; name = AudioToolbox.framework; path = System/Library/Frameworks/AudioToolbox.framework; sourceTree = SDKROOT; };
		4523E19B16F9EE2600761733 /* AVFoundation.framework */ = {isa = PBXFileReference; lastKnownFileType = wrapper.framework; name = AVFoundation.framework; path = System/Library/Frameworks/AVFoundation.framework; sourceTree = SDKROOT; };
		604CCD8A16A6F31000E87194 /* FlowMeter.app */ = {isa = PBXFileReference; explicitFileType = wrapper.application; includeInIndex = 0; path = FlowMeter.app; sourceTree = BUILT_PRODUCTS_DIR; };
		604CCD8E16A6F31000E87194 /* UIKit.framework */ = {isa = PBXFileReference; lastKnownFileType = wrapper.framework; name = UIKit.framework; path = System/Library/Frameworks/UIKit.framework; sourceTree = SDKROOT; };
		604CCD9016A6F31000E87194 /* Foundation.framework */ = {isa = PBXFileReference; lastKnownFileType = wrapper.framework; name = Foundation.framework; path = System/Library/Frameworks/Foundation.framework; sourceTree = SDKROOT; };
		604CCD9216A6F31000E87194 /* CoreGraphics.framework */ = {isa = PBXFileReference; lastKnownFileType = wrapper.framework; name = CoreGraphics.framework; path = System/Library/Frameworks/CoreGraphics.framework; sourceTree = SDKROOT; };
		60AA4F7216A829100026DE8D /* CoreMotion.framework */ = {isa = PBXFileReference; lastKnownFileType = wrapper.framework; name = CoreMotion.framework; path = System/Library/Frameworks/CoreMotion.framework; sourceTree = SDKROOT; };
		D31AA2B01951FD19004ACB8D /* HeartRateMonitor.framework */ = {isa = PBXFileReference; explicitFileType = wrapper.framework; includeInIndex = 0; path = HeartRateMonitor.framework; sourceTree = BUILT_PRODUCTS_DIR; };
		D31AA2B31951FD19004ACB8D /* Info.plist */ = {isa = PBXFileReference; lastKnownFileType = text.plist.xml; path = Info.plist; sourceTree = "<group>"; };
		D31AA2D21951FD6A004ACB8D /* HeartRateMonitorData.h */ = {isa = PBXFileReference; fileEncoding = 4; lastKnownFileType = sourcecode.c.h; path = HeartRateMonitorData.h; sourceTree = "<group>"; };
		D31AA2D31951FD6A004ACB8D /* HeartRateMonitorData.m */ = {isa = PBXFileReference; fileEncoding = 4; lastKnownFileType = sourcecode.c.objc; path = HeartRateMonitorData.m; sourceTree = "<group>"; };
		D31AA2D41951FD6A004ACB8D /* HeartRateMonitorDevice.h */ = {isa = PBXFileReference; fileEncoding = 4; lastKnownFileType = sourcecode.c.h; path = HeartRateMonitorDevice.h; sourceTree = "<group>"; };
		D31AA2D51951FD6A004ACB8D /* HeartRateMonitorDevice.m */ = {isa = PBXFileReference; fileEncoding = 4; lastKnownFileType = sourcecode.c.objc; path = HeartRateMonitorDevice.m; sourceTree = "<group>"; };
		D31AA2D61951FD6A004ACB8D /* HeartRateMonitorDeviceDelegate.h */ = {isa = PBXFileReference; fileEncoding = 4; lastKnownFileType = sourcecode.c.h; path = HeartRateMonitorDeviceDelegate.h; sourceTree = "<group>"; };
		D31AA2D71951FD6A004ACB8D /* HeartRateMonitorManager.h */ = {isa = PBXFileReference; fileEncoding = 4; lastKnownFileType = sourcecode.c.h; path = HeartRateMonitorManager.h; sourceTree = "<group>"; };
		D31AA2D81951FD6A004ACB8D /* HeartRateMonitorManager.m */ = {isa = PBXFileReference; fileEncoding = 4; lastKnownFileType = sourcecode.c.objc; path = HeartRateMonitorManager.m; sourceTree = "<group>"; };
		D31AA2D91951FD6A004ACB8D /* HeartRateMonitorManagerDelegate.h */ = {isa = PBXFileReference; fileEncoding = 4; lastKnownFileType = sourcecode.c.h; path = HeartRateMonitorManagerDelegate.h; sourceTree = "<group>"; };
		D31AA2E21951FDE5004ACB8D /* HeartRateMonitor.h */ = {isa = PBXFileReference; fileEncoding = 4; lastKnownFileType = sourcecode.c.h; path = HeartRateMonitor.h; sourceTree = "<group>"; };
		D31FCC5F1896859C006F18A0 /* LikertScaleViewControllerDelegate.h */ = {isa = PBXFileReference; fileEncoding = 4; lastKnownFileType = sourcecode.c.h; name = LikertScaleViewControllerDelegate.h; path = classes/ui/LikertScaleViewControllerDelegate.h; sourceTree = "<group>"; };
		D324688019B8AA9E00355ABE /* SessionDetailViewController.h */ = {isa = PBXFileReference; fileEncoding = 4; lastKnownFileType = sourcecode.c.h; name = SessionDetailViewController.h; path = classes/ui/SessionDetailViewController.h; sourceTree = "<group>"; };
		D324688119B8AA9E00355ABE /* SessionDetailViewController.m */ = {isa = PBXFileReference; fileEncoding = 4; lastKnownFileType = sourcecode.c.objc; lineEnding = 0; name = SessionDetailViewController.m; path = classes/ui/SessionDetailViewController.m; sourceTree = "<group>"; xcLanguageSpecificationIdentifier = xcode.lang.objc; };
		D329ACDC197A98BF00B144B5 /* HeartRateMonitorDeviceTableViewController.h */ = {isa = PBXFileReference; fileEncoding = 4; lastKnownFileType = sourcecode.c.h; name = HeartRateMonitorDeviceTableViewController.h; path = classes/ui/HeartRateMonitorDeviceTableViewController.h; sourceTree = "<group>"; };
		D329ACDD197A98BF00B144B5 /* HeartRateMonitorDeviceTableViewController.m */ = {isa = PBXFileReference; fileEncoding = 4; lastKnownFileType = sourcecode.c.objc; name = HeartRateMonitorDeviceTableViewController.m; path = classes/ui/HeartRateMonitorDeviceTableViewController.m; sourceTree = "<group>"; };
		D329ACE2197A98F400B144B5 /* SelfReport+Description.h */ = {isa = PBXFileReference; fileEncoding = 4; lastKnownFileType = sourcecode.c.h; name = "SelfReport+Description.h"; path = "classes/model/SelfReport+Description.h"; sourceTree = "<group>"; };
		D329ACE3197A98F400B144B5 /* SelfReport+Description.m */ = {isa = PBXFileReference; fileEncoding = 4; lastKnownFileType = sourcecode.c.objc; name = "SelfReport+Description.m"; path = "classes/model/SelfReport+Description.m"; sourceTree = "<group>"; };
		D329ACE6197A98F400B144B5 /* Session+OutStream.h */ = {isa = PBXFileReference; fileEncoding = 4; lastKnownFileType = sourcecode.c.h; name = "Session+OutStream.h"; path = "classes/model/Session+OutStream.h"; sourceTree = "<group>"; };
		D329ACE7197A98F400B144B5 /* Session+OutStream.m */ = {isa = PBXFileReference; fileEncoding = 4; lastKnownFileType = sourcecode.c.objc; name = "Session+OutStream.m"; path = "classes/model/Session+OutStream.m"; sourceTree = "<group>"; };
		D330863C187ECF1900A7B9DE /* HeartRateMonitor.framework */ = {isa = PBXFileReference; lastKnownFileType = wrapper.framework; path = HeartRateMonitor.framework; sourceTree = "<group>"; };
		D335030819A5D89B008CC93A /* Images.xcassets */ = {isa = PBXFileReference; lastKnownFileType = folder.assetcatalog; path = Images.xcassets; sourceTree = "<group>"; };
		D3383BA91726CE1500AAC993 /* CoreData.framework */ = {isa = PBXFileReference; lastKnownFileType = wrapper.framework; name = CoreData.framework; path = System/Library/Frameworks/CoreData.framework; sourceTree = SDKROOT; };
		D34C9D141725044D004C261C /* AppDelegate.h */ = {isa = PBXFileReference; fileEncoding = 4; lastKnownFileType = sourcecode.c.h; name = AppDelegate.h; path = classes/AppDelegate.h; sourceTree = "<group>"; };
		D34C9D151725044D004C261C /* AppDelegate.m */ = {isa = PBXFileReference; fileEncoding = 4; lastKnownFileType = sourcecode.c.objc; name = AppDelegate.m; path = classes/AppDelegate.m; sourceTree = "<group>"; };
		D34C9D161725044D004C261C /* main.m */ = {isa = PBXFileReference; fileEncoding = 4; lastKnownFileType = sourcecode.c.objc; name = main.m; path = classes/main.m; sourceTree = "<group>"; };
		D34C9D1E17250463004C261C /* SessionViewController.h */ = {isa = PBXFileReference; fileEncoding = 4; lastKnownFileType = sourcecode.c.h; name = SessionViewController.h; path = classes/ui/SessionViewController.h; sourceTree = "<group>"; };
		D34C9D1F17250463004C261C /* SessionViewController.m */ = {isa = PBXFileReference; fileEncoding = 4; lastKnownFileType = sourcecode.c.objc; lineEnding = 0; name = SessionViewController.m; path = classes/ui/SessionViewController.m; sourceTree = "<group>"; xcLanguageSpecificationIdentifier = xcode.lang.objc; };
		D34C9D2417250463004C261C /* PrefsTableViewController.h */ = {isa = PBXFileReference; fileEncoding = 4; lastKnownFileType = sourcecode.c.h; name = PrefsTableViewController.h; path = classes/ui/PrefsTableViewController.h; sourceTree = "<group>"; };
		D34C9D2517250463004C261C /* PrefsTableViewController.m */ = {isa = PBXFileReference; fileEncoding = 4; lastKnownFileType = sourcecode.c.objc; name = PrefsTableViewController.m; path = classes/ui/PrefsTableViewController.m; sourceTree = "<group>"; };
		D34C9D31172504A8004C261C /* FlowMeter-Info.plist */ = {isa = PBXFileReference; fileEncoding = 4; lastKnownFileType = text.plist.xml; name = "FlowMeter-Info.plist"; path = "supporting-files/FlowMeter-Info.plist"; sourceTree = "<group>"; };
		D34C9D32172504A8004C261C /* FlowMeter-Prefix.pch */ = {isa = PBXFileReference; fileEncoding = 4; lastKnownFileType = sourcecode.c.h; name = "FlowMeter-Prefix.pch"; path = "supporting-files/FlowMeter-Prefix.pch"; sourceTree = "<group>"; };
		D35462EE19B21AEE006B2EA3 /* Base */ = {isa = PBXFileReference; lastKnownFileType = file.storyboard; name = Base; path = Base.lproj/MainStoryboard.storyboard; sourceTree = "<group>"; };
		D35ABC0E188EC2AE00BD1D2D /* LikertScaleViewController.h */ = {isa = PBXFileReference; fileEncoding = 4; lastKnownFileType = sourcecode.c.h; name = LikertScaleViewController.h; path = classes/ui/LikertScaleViewController.h; sourceTree = "<group>"; };
		D35ABC0F188EC2AE00BD1D2D /* LikertScaleViewController.m */ = {isa = PBXFileReference; fileEncoding = 4; lastKnownFileType = sourcecode.c.objc; name = LikertScaleViewController.m; path = classes/ui/LikertScaleViewController.m; sourceTree = "<group>"; };
		D36C44AF16D788BE000B8502 /* CoreBluetooth.framework */ = {isa = PBXFileReference; lastKnownFileType = wrapper.framework; name = CoreBluetooth.framework; path = System/Library/Frameworks/CoreBluetooth.framework; sourceTree = SDKROOT; };
		D37067D51733F41300F86BBD /* EditViewController.h */ = {isa = PBXFileReference; fileEncoding = 4; lastKnownFileType = sourcecode.c.h; name = EditViewController.h; path = classes/ui/EditViewController.h; sourceTree = "<group>"; };
		D37067D61733F41300F86BBD /* EditViewController.m */ = {isa = PBXFileReference; fileEncoding = 4; lastKnownFileType = sourcecode.c.objc; name = EditViewController.m; path = classes/ui/EditViewController.m; sourceTree = "<group>"; };
		D3877C0A19BEEE0E00F21881 /* libz.dylib */ = {isa = PBXFileReference; lastKnownFileType = "compiled.mach-o.dylib"; name = libz.dylib; path = usr/lib/libz.dylib; sourceTree = SDKROOT; };
		D3877C0C19BEEFED00F21881 /* ExternalAccessory.framework */ = {isa = PBXFileReference; lastKnownFileType = wrapper.framework; name = ExternalAccessory.framework; path = System/Library/Frameworks/ExternalAccessory.framework; sourceTree = SDKROOT; };
		D3877C0E19BEEFED00F21881 /* FlowMeter.entitlements */ = {isa = PBXFileReference; lastKnownFileType = text.xml; path = FlowMeter.entitlements; sourceTree = "<group>"; };
		D38A216C16BFF9F80075D093 /* CoreLocation.framework */ = {isa = PBXFileReference; lastKnownFileType = wrapper.framework; name = CoreLocation.framework; path = System/Library/Frameworks/CoreLocation.framework; sourceTree = SDKROOT; };
		D38C595119E42B8B0069049C /* BEMCircle.h */ = {isa = PBXFileReference; fileEncoding = 4; lastKnownFileType = sourcecode.c.h; path = BEMCircle.h; sourceTree = "<group>"; };
		D38C595219E42B8B0069049C /* BEMCircle.m */ = {isa = PBXFileReference; fileEncoding = 4; lastKnownFileType = sourcecode.c.objc; path = BEMCircle.m; sourceTree = "<group>"; };
		D38C595319E42B8B0069049C /* BEMLine.h */ = {isa = PBXFileReference; fileEncoding = 4; lastKnownFileType = sourcecode.c.h; path = BEMLine.h; sourceTree = "<group>"; };
		D38C595419E42B8B0069049C /* BEMLine.m */ = {isa = PBXFileReference; fileEncoding = 4; lastKnownFileType = sourcecode.c.objc; path = BEMLine.m; sourceTree = "<group>"; };
		D38C595519E42B8B0069049C /* BEMSimpleLineGraphView.h */ = {isa = PBXFileReference; fileEncoding = 4; lastKnownFileType = sourcecode.c.h; path = BEMSimpleLineGraphView.h; sourceTree = "<group>"; };
		D38C595619E42B8B0069049C /* BEMSimpleLineGraphView.m */ = {isa = PBXFileReference; fileEncoding = 4; lastKnownFileType = sourcecode.c.objc; path = BEMSimpleLineGraphView.m; sourceTree = "<group>"; };
		D38F7ABE19F0089600016B6E /* de */ = {isa = PBXFileReference; lastKnownFileType = text.plist.strings; name = de; path = de.lproj/MainStoryboard.strings; sourceTree = "<group>"; };
		D396933B19BE10D700249D2C /* LabelAndSwitchTableViewCell.h */ = {isa = PBXFileReference; fileEncoding = 4; lastKnownFileType = sourcecode.c.h; name = LabelAndSwitchTableViewCell.h; path = classes/ui/LabelAndSwitchTableViewCell.h; sourceTree = "<group>"; };
		D396933C19BE10D700249D2C /* LabelAndSwitchTableViewCell.m */ = {isa = PBXFileReference; fileEncoding = 4; lastKnownFileType = sourcecode.c.objc; name = LabelAndSwitchTableViewCell.m; path = classes/ui/LabelAndSwitchTableViewCell.m; sourceTree = "<group>"; };
		D39736C619B0C11D005D643D /* SelfReport.h */ = {isa = PBXFileReference; fileEncoding = 4; lastKnownFileType = sourcecode.c.h; name = SelfReport.h; path = classes/model/SelfReport.h; sourceTree = "<group>"; };
		D39736C719B0C11D005D643D /* SelfReport.m */ = {isa = PBXFileReference; fileEncoding = 4; lastKnownFileType = sourcecode.c.objc; name = SelfReport.m; path = classes/model/SelfReport.m; sourceTree = "<group>"; };
		D39736C919B0C11E005D643D /* Activity.h */ = {isa = PBXFileReference; fileEncoding = 4; lastKnownFileType = sourcecode.c.h; name = Activity.h; path = classes/model/Activity.h; sourceTree = "<group>"; };
		D39736CA19B0C11E005D643D /* Activity.m */ = {isa = PBXFileReference; fileEncoding = 4; lastKnownFileType = sourcecode.c.objc; name = Activity.m; path = classes/model/Activity.m; sourceTree = "<group>"; };
		D39736CC19B0C11E005D643D /* HeartRateRecord.h */ = {isa = PBXFileReference; fileEncoding = 4; lastKnownFileType = sourcecode.c.h; name = HeartRateRecord.h; path = classes/model/HeartRateRecord.h; sourceTree = "<group>"; };
		D39736CD19B0C11E005D643D /* HeartRateRecord.m */ = {isa = PBXFileReference; fileEncoding = 4; lastKnownFileType = sourcecode.c.objc; name = HeartRateRecord.m; path = classes/model/HeartRateRecord.m; sourceTree = "<group>"; };
		D39736CF19B0C11E005D643D /* User.h */ = {isa = PBXFileReference; fileEncoding = 4; lastKnownFileType = sourcecode.c.h; name = User.h; path = classes/model/User.h; sourceTree = "<group>"; };
		D39736D019B0C11E005D643D /* User.m */ = {isa = PBXFileReference; fileEncoding = 4; lastKnownFileType = sourcecode.c.objc; name = User.m; path = classes/model/User.m; sourceTree = "<group>"; };
		D39736D219B0C11E005D643D /* Session.h */ = {isa = PBXFileReference; fileEncoding = 4; lastKnownFileType = sourcecode.c.h; lineEnding = 0; name = Session.h; path = classes/model/Session.h; sourceTree = "<group>"; xcLanguageSpecificationIdentifier = xcode.lang.objcpp; };
		D39736D319B0C11E005D643D /* Session.m */ = {isa = PBXFileReference; fileEncoding = 4; lastKnownFileType = sourcecode.c.objc; lineEnding = 0; name = Session.m; path = classes/model/Session.m; sourceTree = "<group>"; xcLanguageSpecificationIdentifier = xcode.lang.objc; };
		D39747A31882CC6400CFF3DF /* ZipKit.xcodeproj */ = {isa = PBXFileReference; lastKnownFileType = "wrapper.pb-project"; name = ZipKit.xcodeproj; path = ZipKit/ZipKit.xcodeproj; sourceTree = "<group>"; };
		D398FAEF19AB5B52003DB0CA /* HeartRateRecord+Description.h */ = {isa = PBXFileReference; fileEncoding = 4; lastKnownFileType = sourcecode.c.h; name = "HeartRateRecord+Description.h"; path = "classes/model/HeartRateRecord+Description.h"; sourceTree = "<group>"; };
		D398FAF019AB5B52003DB0CA /* HeartRateRecord+Description.m */ = {isa = PBXFileReference; fileEncoding = 4; lastKnownFileType = sourcecode.c.objc; name = "HeartRateRecord+Description.m"; path = "classes/model/HeartRateRecord+Description.m"; sourceTree = "<group>"; };
		D3A1B21819ED683E005DBB25 /* PropertyTableViewCell.h */ = {isa = PBXFileReference; fileEncoding = 4; lastKnownFileType = sourcecode.c.h; name = PropertyTableViewCell.h; path = classes/PropertyTableViewCell.h; sourceTree = "<group>"; };
		D3A1B21919ED683E005DBB25 /* PropertyTableViewCell.m */ = {isa = PBXFileReference; fileEncoding = 4; lastKnownFileType = sourcecode.c.objc; name = PropertyTableViewCell.m; path = classes/PropertyTableViewCell.m; sourceTree = "<group>"; };
		D3A4629D1726E08900D454F7 /* SessionTableViewController.h */ = {isa = PBXFileReference; fileEncoding = 4; lastKnownFileType = sourcecode.c.h; name = SessionTableViewController.h; path = classes/ui/SessionTableViewController.h; sourceTree = "<group>"; };
		D3A4629E1726E08900D454F7 /* SessionTableViewController.m */ = {isa = PBXFileReference; fileEncoding = 4; lastKnownFileType = sourcecode.c.objc; lineEnding = 0; name = SessionTableViewController.m; path = classes/ui/SessionTableViewController.m; sourceTree = "<group>"; xcLanguageSpecificationIdentifier = xcode.lang.objc; };
		D3A5D11519ED58DF0067897B /* FlowMeter-Version-004.xcdatamodel */ = {isa = PBXFileReference; lastKnownFileType = wrapper.xcdatamodel; path = "FlowMeter-Version-004.xcdatamodel"; sourceTree = "<group>"; };
		D3A5D11819ED60030067897B /* FlowMeter-Version-005.xcdatamodel */ = {isa = PBXFileReference; lastKnownFileType = wrapper.xcdatamodel; path = "FlowMeter-Version-005.xcdatamodel"; sourceTree = "<group>"; };
		D3AB053119D5581A00626323 /* 5min-silence.mp3 */ = {isa = PBXFileReference; lastKnownFileType = audio.mp3; path = "5min-silence.mp3"; sourceTree = "<group>"; };
		D3B5EF5019ED55E100572C01 /* FlowMeter-Version-002.xcdatamodel */ = {isa = PBXFileReference; lastKnownFileType = wrapper.xcdatamodel; path = "FlowMeter-Version-002.xcdatamodel"; sourceTree = "<group>"; };
		D3B5EF5119ED55E100572C01 /* FlowMeter-Version-003.xcdatamodel */ = {isa = PBXFileReference; lastKnownFileType = wrapper.xcdatamodel; path = "FlowMeter-Version-003.xcdatamodel"; sourceTree = "<group>"; };
		D3B5EF5219ED55E100572C01 /* FlowMeter.xcdatamodel */ = {isa = PBXFileReference; lastKnownFileType = wrapper.xcdatamodel; path = FlowMeter.xcdatamodel; sourceTree = "<group>"; };
		D3C1290E1863296A00C361CA /* MBProgressHUD.h */ = {isa = PBXFileReference; fileEncoding = 4; lastKnownFileType = sourcecode.c.h; name = MBProgressHUD.h; path = MBProgressHUD/MBProgressHUD.h; sourceTree = SOURCE_ROOT; };
		D3C1290F1863296A00C361CA /* MBProgressHUD.m */ = {isa = PBXFileReference; fileEncoding = 4; lastKnownFileType = sourcecode.c.objc; name = MBProgressHUD.m; path = MBProgressHUD/MBProgressHUD.m; sourceTree = SOURCE_ROOT; };
		D3C1291118632A1E00C361CA /* Reachability.h */ = {isa = PBXFileReference; fileEncoding = 4; lastKnownFileType = sourcecode.c.h; name = Reachability.h; path = Reachability/Reachability.h; sourceTree = SOURCE_ROOT; };
		D3C1291218632A1E00C361CA /* Reachability.m */ = {isa = PBXFileReference; fileEncoding = 4; lastKnownFileType = sourcecode.c.objc; name = Reachability.m; path = Reachability/Reachability.m; sourceTree = SOURCE_ROOT; };
		D3C1292918632C9A00C361CA /* DropboxSDK.framework */ = {isa = PBXFileReference; lastKnownFileType = wrapper.framework; name = DropboxSDK.framework; path = DropboxSDK/DropboxSDK.framework; sourceTree = "<group>"; };
		D3C75BCB19E187A100AA35CA /* ZCSHoldProgress.h */ = {isa = PBXFileReference; fileEncoding = 4; lastKnownFileType = sourcecode.c.h; path = ZCSHoldProgress.h; sourceTree = "<group>"; };
		D3C75BCC19E187A100AA35CA /* ZCSHoldProgress.m */ = {isa = PBXFileReference; fileEncoding = 4; lastKnownFileType = sourcecode.c.objc; path = ZCSHoldProgress.m; sourceTree = "<group>"; };
		D3C7ADBF171ED660000A7D34 /* Security.framework */ = {isa = PBXFileReference; lastKnownFileType = wrapper.framework; name = Security.framework; path = System/Library/Frameworks/Security.framework; sourceTree = SDKROOT; };
		D3C7ADC1171ED66A000A7D34 /* QuartzCore.framework */ = {isa = PBXFileReference; lastKnownFileType = wrapper.framework; name = QuartzCore.framework; path = System/Library/Frameworks/QuartzCore.framework; sourceTree = SDKROOT; };
		D3C7ADC8171EEA44000A7D34 /* CFNetwork.framework */ = {isa = PBXFileReference; lastKnownFileType = wrapper.framework; name = CFNetwork.framework; path = System/Library/Frameworks/CFNetwork.framework; sourceTree = SDKROOT; };
		D3C7ADCA171EEA8C000A7D34 /* SystemConfiguration.framework */ = {isa = PBXFileReference; lastKnownFileType = wrapper.framework; name = SystemConfiguration.framework; path = System/Library/Frameworks/SystemConfiguration.framework; sourceTree = SDKROOT; };
		D3DA4A7616DCCB0300ECBE4B /* GLKit.framework */ = {isa = PBXFileReference; lastKnownFileType = wrapper.framework; name = GLKit.framework; path = System/Library/Frameworks/GLKit.framework; sourceTree = SDKROOT; };
		D3EB072219BB9552005F0333 /* SessionPrefsTableViewController.h */ = {isa = PBXFileReference; fileEncoding = 4; lastKnownFileType = sourcecode.c.h; name = SessionPrefsTableViewController.h; path = classes/ui/SessionPrefsTableViewController.h; sourceTree = "<group>"; };
		D3EB072319BB9552005F0333 /* SessionPrefsTableViewController.m */ = {isa = PBXFileReference; fileEncoding = 4; lastKnownFileType = sourcecode.c.objc; name = SessionPrefsTableViewController.m; path = classes/ui/SessionPrefsTableViewController.m; sourceTree = "<group>"; };
/* End PBXFileReference section */

/* Begin PBXFrameworksBuildPhase section */
		604CCD8716A6F31000E87194 /* Frameworks */ = {
			isa = PBXFrameworksBuildPhase;
			buildActionMask = 2147483647;
			files = (
				D3877C0B19BEEE0E00F21881 /* libz.dylib in Frameworks */,
				604CCD9116A6F31000E87194 /* Foundation.framework in Frameworks */,
				D3C7ADC9171EEA44000A7D34 /* CFNetwork.framework in Frameworks */,
				4523E19D16F9EE2600761733 /* AVFoundation.framework in Frameworks */,
				D39747B11882CC7B00CFF3DF /* libtouchzipkit.a in Frameworks */,
				D330863D187ECF1900A7B9DE /* HeartRateMonitor.framework in Frameworks */,
				D3877C0D19BEEFED00F21881 /* ExternalAccessory.framework in Frameworks */,
				D3383BAA1726CE1500AAC993 /* CoreData.framework in Frameworks */,
				D3C7ADCB171EEA8C000A7D34 /* SystemConfiguration.framework in Frameworks */,
				D3C7ADC2171ED66A000A7D34 /* QuartzCore.framework in Frameworks */,
				D3C7ADC0171ED660000A7D34 /* Security.framework in Frameworks */,
				4523E19C16F9EE2600761733 /* AudioToolbox.framework in Frameworks */,
				D3DA4A7716DCCB0300ECBE4B /* GLKit.framework in Frameworks */,
				D36C44B016D788BE000B8502 /* CoreBluetooth.framework in Frameworks */,
				D38A216D16BFF9F80075D093 /* CoreLocation.framework in Frameworks */,
				D3C1292A18632C9A00C361CA /* DropboxSDK.framework in Frameworks */,
				D31AA2C51951FD19004ACB8D /* HeartRateMonitor.framework in Frameworks */,
				60AA4F7316A829100026DE8D /* CoreMotion.framework in Frameworks */,
				604CCD8F16A6F31000E87194 /* UIKit.framework in Frameworks */,
				604CCD9316A6F31000E87194 /* CoreGraphics.framework in Frameworks */,
			);
			runOnlyForDeploymentPostprocessing = 0;
		};
		D31AA2AC1951FD19004ACB8D /* Frameworks */ = {
			isa = PBXFrameworksBuildPhase;
			buildActionMask = 2147483647;
			files = (
				D31AA2E41951FEC1004ACB8D /* CoreBluetooth.framework in Frameworks */,
			);
			runOnlyForDeploymentPostprocessing = 0;
		};
/* End PBXFrameworksBuildPhase section */

/* Begin PBXGroup section */
		604CCD7F16A6F31000E87194 = {
			isa = PBXGroup;
			children = (
				604CCD9416A6F31000E87194 /* FlowMeter */,
				D3C7ADCD171FCA86000A7D34 /* External Classes */,
				D35FEABC17253FF800D92DEB /* External Projects */,
				604CCD8D16A6F31000E87194 /* Frameworks */,
				D31AA2B11951FD19004ACB8D /* HeartRateMonitor */,
				604CCD8B16A6F31000E87194 /* Products */,
			);
			sourceTree = "<group>";
		};
		604CCD8B16A6F31000E87194 /* Products */ = {
			isa = PBXGroup;
			children = (
				604CCD8A16A6F31000E87194 /* FlowMeter.app */,
				D31AA2B01951FD19004ACB8D /* HeartRateMonitor.framework */,
			);
			name = Products;
			sourceTree = "<group>";
		};
		604CCD8D16A6F31000E87194 /* Frameworks */ = {
			isa = PBXGroup;
			children = (
				D3877C0C19BEEFED00F21881 /* ExternalAccessory.framework */,
				D3877C0A19BEEE0E00F21881 /* libz.dylib */,
				4523E19A16F9EE2600761733 /* AudioToolbox.framework */,
				4523E19B16F9EE2600761733 /* AVFoundation.framework */,
				D3C7ADC8171EEA44000A7D34 /* CFNetwork.framework */,
				D36C44AF16D788BE000B8502 /* CoreBluetooth.framework */,
				D3383BA91726CE1500AAC993 /* CoreData.framework */,
				604CCD9216A6F31000E87194 /* CoreGraphics.framework */,
				D38A216C16BFF9F80075D093 /* CoreLocation.framework */,
				60AA4F7216A829100026DE8D /* CoreMotion.framework */,
				D3C1292918632C9A00C361CA /* DropboxSDK.framework */,
				604CCD9016A6F31000E87194 /* Foundation.framework */,
				D3DA4A7616DCCB0300ECBE4B /* GLKit.framework */,
				D330863C187ECF1900A7B9DE /* HeartRateMonitor.framework */,
				D3C7ADC1171ED66A000A7D34 /* QuartzCore.framework */,
				D3C7ADBF171ED660000A7D34 /* Security.framework */,
				D3C7ADCA171EEA8C000A7D34 /* SystemConfiguration.framework */,
				604CCD8E16A6F31000E87194 /* UIKit.framework */,
			);
			name = Frameworks;
			sourceTree = "<group>";
		};
		604CCD9416A6F31000E87194 /* FlowMeter */ = {
			isa = PBXGroup;
			children = (
				D34C9D1217250407004C261C /* Classes */,
				604CCD9516A6F31000E87194 /* Supporting Files */,
			);
			path = FlowMeter;
			sourceTree = "<group>";
		};
		604CCD9516A6F31000E87194 /* Supporting Files */ = {
			isa = PBXGroup;
			children = (
				D34C9D31172504A8004C261C /* FlowMeter-Info.plist */,
				D34C9D32172504A8004C261C /* FlowMeter-Prefix.pch */,
				D3877C0E19BEEFED00F21881 /* FlowMeter.entitlements */,
				D38F7ABA19F0070300016B6E /* Audio */,
				D31C4BCA19A619DE0017AA5A /* Model */,
				D34C9D3E172504D7004C261C /* UI */,
			);
			name = "Supporting Files";
			sourceTree = "<group>";
		};
		D31AA2B11951FD19004ACB8D /* HeartRateMonitor */ = {
			isa = PBXGroup;
			children = (
				D31AA2E21951FDE5004ACB8D /* HeartRateMonitor.h */,
				D31AA2D21951FD6A004ACB8D /* HeartRateMonitorData.h */,
				D31AA2D31951FD6A004ACB8D /* HeartRateMonitorData.m */,
				D31AA2D41951FD6A004ACB8D /* HeartRateMonitorDevice.h */,
				D31AA2D51951FD6A004ACB8D /* HeartRateMonitorDevice.m */,
				D31AA2D61951FD6A004ACB8D /* HeartRateMonitorDeviceDelegate.h */,
				D31AA2D71951FD6A004ACB8D /* HeartRateMonitorManager.h */,
				D31AA2D81951FD6A004ACB8D /* HeartRateMonitorManager.m */,
				D31AA2D91951FD6A004ACB8D /* HeartRateMonitorManagerDelegate.h */,
				D31AA2B21951FD19004ACB8D /* Supporting Files */,
			);
			path = HeartRateMonitor;
			sourceTree = "<group>";
		};
		D31AA2B21951FD19004ACB8D /* Supporting Files */ = {
			isa = PBXGroup;
			children = (
				D31AA2B31951FD19004ACB8D /* Info.plist */,
			);
			name = "Supporting Files";
			sourceTree = "<group>";
		};
		D31C4BCA19A619DE0017AA5A /* Model */ = {
			isa = PBXGroup;
			children = (
				D3B5EF4F19ED55E100572C01 /* FlowMeter.xcdatamodeld */,
			);
			name = Model;
			sourceTree = "<group>";
		};
		D329ACDF197A98CC00B144B5 /* Model */ = {
			isa = PBXGroup;
			children = (
				D39736C919B0C11E005D643D /* Activity.h */,
				D39736CA19B0C11E005D643D /* Activity.m */,
				D39736CC19B0C11E005D643D /* HeartRateRecord.h */,
				D39736CD19B0C11E005D643D /* HeartRateRecord.m */,
				D398FAEF19AB5B52003DB0CA /* HeartRateRecord+Description.h */,
				D398FAF019AB5B52003DB0CA /* HeartRateRecord+Description.m */,
				D39736C619B0C11D005D643D /* SelfReport.h */,
				D39736C719B0C11D005D643D /* SelfReport.m */,
				D329ACE2197A98F400B144B5 /* SelfReport+Description.h */,
				D329ACE3197A98F400B144B5 /* SelfReport+Description.m */,
				D39736D219B0C11E005D643D /* Session.h */,
				D39736D319B0C11E005D643D /* Session.m */,
				D329ACE6197A98F400B144B5 /* Session+OutStream.h */,
				D329ACE7197A98F400B144B5 /* Session+OutStream.m */,
				D39736CF19B0C11E005D643D /* User.h */,
				D39736D019B0C11E005D643D /* User.m */,
			);
			name = Model;
			sourceTree = "<group>";
		};
		D34C9D1217250407004C261C /* Classes */ = {
			isa = PBXGroup;
			children = (
				D34C9D161725044D004C261C /* main.m */,
				D34C9D141725044D004C261C /* AppDelegate.h */,
				D34C9D151725044D004C261C /* AppDelegate.m */,
				D329ACDF197A98CC00B144B5 /* Model */,
				D3C7ADD6171FCCC6000A7D34 /* UI */,
			);
			name = Classes;
			sourceTree = "<group>";
		};
		D34C9D3E172504D7004C261C /* UI */ = {
			isa = PBXGroup;
			children = (
				D335030819A5D89B008CC93A /* Images.xcassets */,
				D38FBDB8196C1DC000C63681 /* MainStoryboard.storyboard */,
			);
			name = UI;
			sourceTree = "<group>";
		};
		D35FEABC17253FF800D92DEB /* External Projects */ = {
			isa = PBXGroup;
			children = (
				D39747A31882CC6400CFF3DF /* ZipKit.xcodeproj */,
			);
			name = "External Projects";
			sourceTree = "<group>";
		};
		D35FEAE91725415000D92DEB /* Reachability */ = {
			isa = PBXGroup;
			children = (
				D3C1291118632A1E00C361CA /* Reachability.h */,
				D3C1291218632A1E00C361CA /* Reachability.m */,
			);
			name = Reachability;
			sourceTree = "<group>";
		};
		D38C594E19E42B640069049C /* BEMSimpleLineGraph */ = {
			isa = PBXGroup;
			children = (
				D38C595119E42B8B0069049C /* BEMCircle.h */,
				D38C595219E42B8B0069049C /* BEMCircle.m */,
				D38C595319E42B8B0069049C /* BEMLine.h */,
				D38C595419E42B8B0069049C /* BEMLine.m */,
				D38C595519E42B8B0069049C /* BEMSimpleLineGraphView.h */,
				D38C595619E42B8B0069049C /* BEMSimpleLineGraphView.m */,
			);
			name = BEMSimpleLineGraph;
			sourceTree = "<group>";
		};
		D38F7ABA19F0070300016B6E /* Audio */ = {
			isa = PBXGroup;
			children = (
				D3AB053119D5581A00626323 /* 5min-silence.mp3 */,
			);
			name = Audio;
			sourceTree = "<group>";
		};
		D39747A41882CC6400CFF3DF /* Products */ = {
			isa = PBXGroup;
			children = (
				D39747AA1882CC6400CFF3DF /* ZipKit.framework */,
				D39747AC1882CC6400CFF3DF /* libzipkit.a */,
				D39747AE1882CC6400CFF3DF /* libtouchzipkit.a */,
			);
			name = Products;
			sourceTree = "<group>";
		};
		D3C7ADCD171FCA86000A7D34 /* External Classes */ = {
			isa = PBXGroup;
			children = (
				D38C594E19E42B640069049C /* BEMSimpleLineGraph */,
				D3DF0A65173F9A4C00643E5A /* MBProgressHUD */,
				D35FEAE91725415000D92DEB /* Reachability */,
			);
			name = "External Classes";
			path = FlowMeter;
			sourceTree = "<group>";
		};
		D3C7ADD6171FCCC6000A7D34 /* UI */ = {
			isa = PBXGroup;
			children = (
				D3C75BCB19E187A100AA35CA /* ZCSHoldProgress.h */,
				D3C75BCC19E187A100AA35CA /* ZCSHoldProgress.m */,
				D37067D51733F41300F86BBD /* EditViewController.h */,
				D37067D61733F41300F86BBD /* EditViewController.m */,
				D329ACDC197A98BF00B144B5 /* HeartRateMonitorDeviceTableViewController.h */,
				D329ACDD197A98BF00B144B5 /* HeartRateMonitorDeviceTableViewController.m */,
				D35ABC0E188EC2AE00BD1D2D /* LikertScaleViewController.h */,
				D35ABC0F188EC2AE00BD1D2D /* LikertScaleViewController.m */,
				D31FCC5F1896859C006F18A0 /* LikertScaleViewControllerDelegate.h */,
				D34C9D2417250463004C261C /* PrefsTableViewController.h */,
				D34C9D2517250463004C261C /* PrefsTableViewController.m */,
				D324688019B8AA9E00355ABE /* SessionDetailViewController.h */,
				D324688119B8AA9E00355ABE /* SessionDetailViewController.m */,
				D3EB072219BB9552005F0333 /* SessionPrefsTableViewController.h */,
				D3EB072319BB9552005F0333 /* SessionPrefsTableViewController.m */,
				D3A4629D1726E08900D454F7 /* SessionTableViewController.h */,
				D3A4629E1726E08900D454F7 /* SessionTableViewController.m */,
				D34C9D1E17250463004C261C /* SessionViewController.h */,
				D34C9D1F17250463004C261C /* SessionViewController.m */,
				D396933B19BE10D700249D2C /* LabelAndSwitchTableViewCell.h */,
				D396933C19BE10D700249D2C /* LabelAndSwitchTableViewCell.m */,
				D3A1B21819ED683E005DBB25 /* PropertyTableViewCell.h */,
				D3A1B21919ED683E005DBB25 /* PropertyTableViewCell.m */,
			);
			name = UI;
			sourceTree = "<group>";
		};
		D3DF0A65173F9A4C00643E5A /* MBProgressHUD */ = {
			isa = PBXGroup;
			children = (
				D3C1290E1863296A00C361CA /* MBProgressHUD.h */,
				D3C1290F1863296A00C361CA /* MBProgressHUD.m */,
			);
			name = MBProgressHUD;
			sourceTree = "<group>";
		};
/* End PBXGroup section */

/* Begin PBXHeadersBuildPhase section */
		D31AA2AD1951FD19004ACB8D /* Headers */ = {
			isa = PBXHeadersBuildPhase;
			buildActionMask = 2147483647;
			files = (
				D31AA2DA1951FD6A004ACB8D /* HeartRateMonitorData.h in Headers */,
				D31AA2DF1951FD6A004ACB8D /* HeartRateMonitorManager.h in Headers */,
				D31AA2DE1951FD6A004ACB8D /* HeartRateMonitorDeviceDelegate.h in Headers */,
				D31AA2DC1951FD6A004ACB8D /* HeartRateMonitorDevice.h in Headers */,
				D31AA2E31951FDE5004ACB8D /* HeartRateMonitor.h in Headers */,
				D31AA2E11951FD6A004ACB8D /* HeartRateMonitorManagerDelegate.h in Headers */,
			);
			runOnlyForDeploymentPostprocessing = 0;
		};
/* End PBXHeadersBuildPhase section */

/* Begin PBXNativeTarget section */
		604CCD8916A6F31000E87194 /* FlowMeter */ = {
			isa = PBXNativeTarget;
			buildConfigurationList = 604CCDAE16A6F31100E87194 /* Build configuration list for PBXNativeTarget "FlowMeter" */;
			buildPhases = (
				604CCD8616A6F31000E87194 /* Sources */,
				604CCD8716A6F31000E87194 /* Frameworks */,
				604CCD8816A6F31000E87194 /* Resources */,
				D31AA2D01951FD19004ACB8D /* Embed Frameworks */,
			);
			buildRules = (
			);
			dependencies = (
				D39747B01882CC7000CFF3DF /* PBXTargetDependency */,
				D31AA2C41951FD19004ACB8D /* PBXTargetDependency */,
				D31AA2C81951FD19004ACB8D /* PBXTargetDependency */,
			);
			name = FlowMeter;
			productName = FlowMeter;
			productReference = 604CCD8A16A6F31000E87194 /* FlowMeter.app */;
			productType = "com.apple.product-type.application";
		};
		D31AA2AF1951FD19004ACB8D /* HeartRateMonitor */ = {
			isa = PBXNativeTarget;
			buildConfigurationList = D31AA2CF1951FD19004ACB8D /* Build configuration list for PBXNativeTarget "HeartRateMonitor" */;
			buildPhases = (
				D31AA2AB1951FD19004ACB8D /* Sources */,
				D31AA2AC1951FD19004ACB8D /* Frameworks */,
				D31AA2AD1951FD19004ACB8D /* Headers */,
				D31AA2AE1951FD19004ACB8D /* Resources */,
			);
			buildRules = (
			);
			dependencies = (
			);
			name = HeartRateMonitor;
			productName = HeartRateMonitor;
			productReference = D31AA2B01951FD19004ACB8D /* HeartRateMonitor.framework */;
			productType = "com.apple.product-type.framework";
		};
/* End PBXNativeTarget section */

/* Begin PBXProject section */
		604CCD8116A6F31000E87194 /* Project object */ = {
			isa = PBXProject;
			attributes = {
				LastUpgradeCheck = 0450;
				ORGANIZATIONNAME = "Simon Bogutzky";
				TargetAttributes = {
					604CCD8916A6F31000E87194 = {
						DevelopmentTeam = 8936XLC29N;
						SystemCapabilities = {
							com.apple.WAC = {
								enabled = 1;
							};
						};
					};
					D31AA2AF1951FD19004ACB8D = {
						CreatedOnToolsVersion = 6.0;
						DevelopmentTeam = 8936XLC29N;
					};
				};
			};
			buildConfigurationList = 604CCD8416A6F31000E87194 /* Build configuration list for PBXProject "FlowMeter" */;
			compatibilityVersion = "Xcode 3.2";
			developmentRegion = English;
			hasScannedForEncodings = 0;
			knownRegions = (
				de,
				Base,
			);
			mainGroup = 604CCD7F16A6F31000E87194;
			productRefGroup = 604CCD8B16A6F31000E87194 /* Products */;
			projectDirPath = "";
			projectReferences = (
				{
					ProductGroup = D39747A41882CC6400CFF3DF /* Products */;
					ProjectRef = D39747A31882CC6400CFF3DF /* ZipKit.xcodeproj */;
				},
			);
			projectRoot = "";
			targets = (
				604CCD8916A6F31000E87194 /* FlowMeter */,
				D31AA2AF1951FD19004ACB8D /* HeartRateMonitor */,
			);
		};
/* End PBXProject section */

/* Begin PBXReferenceProxy section */
		D39747AA1882CC6400CFF3DF /* ZipKit.framework */ = {
			isa = PBXReferenceProxy;
			fileType = wrapper.framework;
			path = ZipKit.framework;
			remoteRef = D39747A91882CC6400CFF3DF /* PBXContainerItemProxy */;
			sourceTree = BUILT_PRODUCTS_DIR;
		};
		D39747AC1882CC6400CFF3DF /* libzipkit.a */ = {
			isa = PBXReferenceProxy;
			fileType = archive.ar;
			path = libzipkit.a;
			remoteRef = D39747AB1882CC6400CFF3DF /* PBXContainerItemProxy */;
			sourceTree = BUILT_PRODUCTS_DIR;
		};
		D39747AE1882CC6400CFF3DF /* libtouchzipkit.a */ = {
			isa = PBXReferenceProxy;
			fileType = archive.ar;
			path = libtouchzipkit.a;
			remoteRef = D39747AD1882CC6400CFF3DF /* PBXContainerItemProxy */;
			sourceTree = BUILT_PRODUCTS_DIR;
		};
/* End PBXReferenceProxy section */

/* Begin PBXResourcesBuildPhase section */
		604CCD8816A6F31000E87194 /* Resources */ = {
			isa = PBXResourcesBuildPhase;
			buildActionMask = 2147483647;
			files = (
				D335030919A5D89B008CC93A /* Images.xcassets in Resources */,
				D38FBDBC196C1DC000C63681 /* MainStoryboard.storyboard in Resources */,
				D3AB053219D5581A00626323 /* 5min-silence.mp3 in Resources */,
			);
			runOnlyForDeploymentPostprocessing = 0;
		};
		D31AA2AE1951FD19004ACB8D /* Resources */ = {
			isa = PBXResourcesBuildPhase;
			buildActionMask = 2147483647;
			files = (
			);
			runOnlyForDeploymentPostprocessing = 0;
		};
/* End PBXResourcesBuildPhase section */

/* Begin PBXSourcesBuildPhase section */
		604CCD8616A6F31000E87194 /* Sources */ = {
			isa = PBXSourcesBuildPhase;
			buildActionMask = 2147483647;
			files = (
				D39736D119B0C11E005D643D /* User.m in Sources */,
				D3B5EF5319ED55E100572C01 /* FlowMeter.xcdatamodeld in Sources */,
				D329ACED197A98F400B144B5 /* Session+OutStream.m in Sources */,
				D34C9D191725044D004C261C /* AppDelegate.m in Sources */,
				D34C9D1A1725044D004C261C /* main.m in Sources */,
				D396933D19BE10D700249D2C /* LabelAndSwitchTableViewCell.m in Sources */,
				D38C595819E42B8B0069049C /* BEMLine.m in Sources */,
				D38C595919E42B8B0069049C /* BEMSimpleLineGraphView.m in Sources */,
				D329ACDE197A98BF00B144B5 /* HeartRateMonitorDeviceTableViewController.m in Sources */,
				D34C9D2917250463004C261C /* SessionViewController.m in Sources */,
				D329ACEB197A98F400B144B5 /* SelfReport+Description.m in Sources */,
				D3C75BCD19E187A100AA35CA /* ZCSHoldProgress.m in Sources */,
				D398FAF119AB5B52003DB0CA /* HeartRateRecord+Description.m in Sources */,
				D34C9D2C17250463004C261C /* PrefsTableViewController.m in Sources */,
				D3C1291318632A1E00C361CA /* Reachability.m in Sources */,
				D39736CB19B0C11E005D643D /* Activity.m in Sources */,
				D39736CE19B0C11E005D643D /* HeartRateRecord.m in Sources */,
				D3A4629F1726E08900D454F7 /* SessionTableViewController.m in Sources */,
				D35ABC10188EC2AE00BD1D2D /* LikertScaleViewController.m in Sources */,
				D3C129101863296A00C361CA /* MBProgressHUD.m in Sources */,
				D324688219B8AA9E00355ABE /* SessionDetailViewController.m in Sources */,
				D39736C819B0C11D005D643D /* SelfReport.m in Sources */,
				D38C595719E42B8B0069049C /* BEMCircle.m in Sources */,
				D3EB072419BB9552005F0333 /* SessionPrefsTableViewController.m in Sources */,
				D37067D71733F41300F86BBD /* EditViewController.m in Sources */,
				D3A1B21A19ED683E005DBB25 /* PropertyTableViewCell.m in Sources */,
				D39736D419B0C11E005D643D /* Session.m in Sources */,
			);
			runOnlyForDeploymentPostprocessing = 0;
		};
		D31AA2AB1951FD19004ACB8D /* Sources */ = {
			isa = PBXSourcesBuildPhase;
			buildActionMask = 2147483647;
			files = (
				D31AA2DB1951FD6A004ACB8D /* HeartRateMonitorData.m in Sources */,
				D31AA2DD1951FD6A004ACB8D /* HeartRateMonitorDevice.m in Sources */,
				D31AA2E01951FD6A004ACB8D /* HeartRateMonitorManager.m in Sources */,
			);
			runOnlyForDeploymentPostprocessing = 0;
		};
/* End PBXSourcesBuildPhase section */

/* Begin PBXTargetDependency section */
		D31AA2C41951FD19004ACB8D /* PBXTargetDependency */ = {
			isa = PBXTargetDependency;
			target = D31AA2AF1951FD19004ACB8D /* HeartRateMonitor */;
			targetProxy = D31AA2C31951FD19004ACB8D /* PBXContainerItemProxy */;
		};
		D31AA2C81951FD19004ACB8D /* PBXTargetDependency */ = {
			isa = PBXTargetDependency;
			target = D31AA2AF1951FD19004ACB8D /* HeartRateMonitor */;
			targetProxy = D31AA2C71951FD19004ACB8D /* PBXContainerItemProxy */;
		};
		D39747B01882CC7000CFF3DF /* PBXTargetDependency */ = {
			isa = PBXTargetDependency;
			name = touchzipkit;
			targetProxy = D39747AF1882CC7000CFF3DF /* PBXContainerItemProxy */;
		};
/* End PBXTargetDependency section */

/* Begin PBXVariantGroup section */
		D38FBDB8196C1DC000C63681 /* MainStoryboard.storyboard */ = {
			isa = PBXVariantGroup;
			children = (
				D35462EE19B21AEE006B2EA3 /* Base */,
				D38F7ABE19F0089600016B6E /* de */,
			);
			name = MainStoryboard.storyboard;
			sourceTree = "<group>";
		};
/* End PBXVariantGroup section */

/* Begin XCBuildConfiguration section */
		604CCDAC16A6F31100E87194 /* Debug */ = {
			isa = XCBuildConfiguration;
			buildSettings = {
				ALWAYS_SEARCH_USER_PATHS = NO;
				CLANG_CXX_LANGUAGE_STANDARD = "gnu++0x";
				CLANG_CXX_LIBRARY = "libc++";
				CLANG_ENABLE_OBJC_ARC = YES;
				CLANG_WARN_EMPTY_BODY = YES;
				CLANG_WARN__DUPLICATE_METHOD_MATCH = YES;
				CODE_SIGN_IDENTITY = "iPhone Developer: Simon Bogutzky (3G74VT8VX3)";
				"CODE_SIGN_IDENTITY[sdk=iphoneos*]" = "iPhone Developer: Simon Bogutzky (3G74VT8VX3)";
				COPY_PHASE_STRIP = NO;
				GCC_C_LANGUAGE_STANDARD = gnu99;
				GCC_DYNAMIC_NO_PIC = NO;
				GCC_OPTIMIZATION_LEVEL = 0;
				GCC_PREPROCESSOR_DEFINITIONS = (
					"DEBUG=1",
					"$(inherited)",
				);
				GCC_SYMBOLS_PRIVATE_EXTERN = NO;
				GCC_WARN_ABOUT_RETURN_TYPE = YES;
				GCC_WARN_UNINITIALIZED_AUTOS = YES;
				GCC_WARN_UNUSED_VARIABLE = YES;
				IPHONEOS_DEPLOYMENT_TARGET = 8.0;
				ONLY_ACTIVE_ARCH = YES;
				PROVISIONING_PROFILE = "057b2130-8322-4e8a-b37e-e1026d8861ec";
				"PROVISIONING_PROFILE[sdk=iphoneos*]" = "057b2130-8322-4e8a-b37e-e1026d8861ec";
				SDKROOT = iphoneos;
			};
			name = Debug;
		};
		604CCDAD16A6F31100E87194 /* Release */ = {
			isa = XCBuildConfiguration;
			buildSettings = {
				ALWAYS_SEARCH_USER_PATHS = NO;
				CLANG_CXX_LANGUAGE_STANDARD = "gnu++0x";
				CLANG_CXX_LIBRARY = "libc++";
				CLANG_ENABLE_OBJC_ARC = YES;
				CLANG_WARN_EMPTY_BODY = YES;
				CLANG_WARN__DUPLICATE_METHOD_MATCH = YES;
				CODE_SIGN_IDENTITY = "iPhone Distribution: out there/ communication (8936XLC29N)";
				"CODE_SIGN_IDENTITY[sdk=iphoneos*]" = "iPhone Distribution: out there/ communication (8936XLC29N)";
				COPY_PHASE_STRIP = NO;
				GCC_C_LANGUAGE_STANDARD = gnu99;
				GCC_WARN_ABOUT_RETURN_TYPE = YES;
				GCC_WARN_UNINITIALIZED_AUTOS = YES;
				GCC_WARN_UNUSED_VARIABLE = YES;
				IPHONEOS_DEPLOYMENT_TARGET = 8.0;
				ONLY_ACTIVE_ARCH = NO;
				OTHER_CFLAGS = "-DNS_BLOCK_ASSERTIONS=1";
				PROVISIONING_PROFILE = "";
				"PROVISIONING_PROFILE[sdk=iphoneos*]" = "";
				SDKROOT = iphoneos;
				VALIDATE_PRODUCT = YES;
			};
			name = Release;
		};
		604CCDAF16A6F31100E87194 /* Debug */ = {
			isa = XCBuildConfiguration;
			buildSettings = {
				ASSETCATALOG_COMPILER_APPICON_NAME = AppIcon;
				ASSETCATALOG_COMPILER_LAUNCHIMAGE_NAME = LaunchImage;
				CLANG_ENABLE_MODULES = YES;
				CLANG_ENABLE_OBJC_ARC = YES;
				CODE_SIGN_ENTITLEMENTS = FlowMeter/FlowMeter.entitlements;
				CODE_SIGN_IDENTITY = "iPhone Developer: Simon Bogutzky (3G74VT8VX3)";
				"CODE_SIGN_IDENTITY[sdk=iphoneos*]" = "iPhone Developer: Simon Bogutzky (3G74VT8VX3)";
				FRAMEWORK_SEARCH_PATHS = (
					"$(inherited)",
					"$(SRCROOT)/**",
				);
				GCC_PRECOMPILE_PREFIX_HEADER = YES;
				GCC_PREFIX_HEADER = "FlowMeter/supporting-files/FlowMeter-Prefix.pch";
				HEADER_SEARCH_PATHS = "";
				INFOPLIST_FILE = "FlowMeter/supporting-files/FlowMeter-Info.plist";
				IPHONEOS_DEPLOYMENT_TARGET = 8.0;
				LD_RUNPATH_SEARCH_PATHS = "$(inherited) @executable_path/Frameworks";
				LIBRARY_SEARCH_PATHS = "$(inherited)";
				ONLY_ACTIVE_ARCH = YES;
				OTHER_LDFLAGS = (
					"-lstdc++",
					"-all_load",
				);
				"OTHER_LDFLAGS[arch=*]" = (
					"-lstdc++",
					"-all_load",
				);
				PRODUCT_NAME = FlowMeter;
				PROVISIONING_PROFILE = "a742a56c-0515-4b79-89b3-10816de713e4";
				"PROVISIONING_PROFILE[sdk=iphoneos*]" = "a742a56c-0515-4b79-89b3-10816de713e4";
				SWIFT_OBJC_BRIDGING_HEADER = "FlowMeter/FlowMeter-Bridging-Header.h";
				SWIFT_OPTIMIZATION_LEVEL = "-Onone";
				TARGETED_DEVICE_FAMILY = 1;
				USER_HEADER_SEARCH_PATHS = ./ZipKit;
				WRAPPER_EXTENSION = app;
			};
			name = Debug;
		};
		604CCDB016A6F31100E87194 /* Release */ = {
			isa = XCBuildConfiguration;
			buildSettings = {
				ASSETCATALOG_COMPILER_APPICON_NAME = AppIcon;
				ASSETCATALOG_COMPILER_LAUNCHIMAGE_NAME = LaunchImage;
				CLANG_ENABLE_MODULES = YES;
				CLANG_ENABLE_OBJC_ARC = YES;
				CODE_SIGN_ENTITLEMENTS = FlowMeter/FlowMeter.entitlements;
				CODE_SIGN_IDENTITY = "iPhone Distribution: out there/ communication (8936XLC29N)";
				"CODE_SIGN_IDENTITY[sdk=iphoneos*]" = "iPhone Developer";
				FRAMEWORK_SEARCH_PATHS = (
					"$(inherited)",
					"$(SRCROOT)/**",
				);
				GCC_PRECOMPILE_PREFIX_HEADER = YES;
				GCC_PREFIX_HEADER = "FlowMeter/supporting-files/FlowMeter-Prefix.pch";
				HEADER_SEARCH_PATHS = "";
				INFOPLIST_FILE = "FlowMeter/supporting-files/FlowMeter-Info.plist";
				IPHONEOS_DEPLOYMENT_TARGET = 8.0;
				LD_RUNPATH_SEARCH_PATHS = "$(inherited) @executable_path/Frameworks";
				LIBRARY_SEARCH_PATHS = "$(inherited)";
				ONLY_ACTIVE_ARCH = NO;
				OTHER_LDFLAGS = (
					"-lstdc++",
					"-all_load",
				);
				"OTHER_LDFLAGS[arch=*]" = (
					"-lstdc++",
					"-all_load",
				);
				PRODUCT_NAME = FlowMeter;
				PROVISIONING_PROFILE = "73efaba4-25c9-40a4-839c-29d682793d7c";
				"PROVISIONING_PROFILE[sdk=iphoneos*]" = "73efaba4-25c9-40a4-839c-29d682793d7c";
				SWIFT_OBJC_BRIDGING_HEADER = "FlowMeter/FlowMeter-Bridging-Header.h";
				TARGETED_DEVICE_FAMILY = 1;
				USER_HEADER_SEARCH_PATHS = ./ZipKit;
				WRAPPER_EXTENSION = app;
			};
			name = Release;
		};
		D31AA2C91951FD19004ACB8D /* Debug */ = {
			isa = XCBuildConfiguration;
			buildSettings = {
				CLANG_ENABLE_MODULES = YES;
				CLANG_WARN_BOOL_CONVERSION = YES;
				CLANG_WARN_CONSTANT_CONVERSION = YES;
				CLANG_WARN_DIRECT_OBJC_ISA_USAGE = YES_ERROR;
				CLANG_WARN_ENUM_CONVERSION = YES;
				CLANG_WARN_INT_CONVERSION = YES;
				CLANG_WARN_OBJC_ROOT_CLASS = YES_ERROR;
				CLANG_WARN_UNREACHABLE_CODE = YES;
				CODE_SIGN_IDENTITY = "iPhone Developer";
				"CODE_SIGN_IDENTITY[sdk=iphoneos*]" = "iPhone Developer";
				CURRENT_PROJECT_VERSION = 1;
				DEFINES_MODULE = YES;
				DYLIB_COMPATIBILITY_VERSION = 1;
				DYLIB_CURRENT_VERSION = 1;
				DYLIB_INSTALL_NAME_BASE = "@rpath";
				ENABLE_STRICT_OBJC_MSGSEND = YES;
				GCC_PREPROCESSOR_DEFINITIONS = (
					"DEBUG=1",
					"$(inherited)",
				);
				GCC_WARN_64_TO_32_BIT_CONVERSION = YES;
				GCC_WARN_ABOUT_RETURN_TYPE = YES_ERROR;
				GCC_WARN_UNDECLARED_SELECTOR = YES;
				GCC_WARN_UNINITIALIZED_AUTOS = YES_AGGRESSIVE;
				GCC_WARN_UNUSED_FUNCTION = YES;
				INFOPLIST_FILE = HeartRateMonitor/Info.plist;
				INSTALL_PATH = "$(LOCAL_LIBRARY_DIR)/Frameworks";
				IPHONEOS_DEPLOYMENT_TARGET = 8.0;
				LD_RUNPATH_SEARCH_PATHS = "$(inherited) @executable_path/Frameworks @loader_path/Frameworks";
				METAL_ENABLE_DEBUG_INFO = YES;
				PRODUCT_NAME = "$(TARGET_NAME)";
				PROVISIONING_PROFILE = "";
				SKIP_INSTALL = YES;
				TARGETED_DEVICE_FAMILY = "1,2";
				VERSIONING_SYSTEM = "apple-generic";
				VERSION_INFO_PREFIX = "";
			};
			name = Debug;
		};
		D31AA2CA1951FD19004ACB8D /* Release */ = {
			isa = XCBuildConfiguration;
			buildSettings = {
				CLANG_ENABLE_MODULES = YES;
				CLANG_WARN_BOOL_CONVERSION = YES;
				CLANG_WARN_CONSTANT_CONVERSION = YES;
				CLANG_WARN_DIRECT_OBJC_ISA_USAGE = YES_ERROR;
				CLANG_WARN_ENUM_CONVERSION = YES;
				CLANG_WARN_INT_CONVERSION = YES;
				CLANG_WARN_OBJC_ROOT_CLASS = YES_ERROR;
				CLANG_WARN_UNREACHABLE_CODE = YES;
				CODE_SIGN_IDENTITY = "iPhone Developer";
				"CODE_SIGN_IDENTITY[sdk=iphoneos*]" = "iPhone Developer";
				CURRENT_PROJECT_VERSION = 1;
				DEFINES_MODULE = YES;
				DYLIB_COMPATIBILITY_VERSION = 1;
				DYLIB_CURRENT_VERSION = 1;
				DYLIB_INSTALL_NAME_BASE = "@rpath";
				ENABLE_NS_ASSERTIONS = NO;
				ENABLE_STRICT_OBJC_MSGSEND = YES;
				GCC_WARN_64_TO_32_BIT_CONVERSION = YES;
				GCC_WARN_ABOUT_RETURN_TYPE = YES_ERROR;
				GCC_WARN_UNDECLARED_SELECTOR = YES;
				GCC_WARN_UNINITIALIZED_AUTOS = YES_AGGRESSIVE;
				GCC_WARN_UNUSED_FUNCTION = YES;
				INFOPLIST_FILE = HeartRateMonitor/Info.plist;
				INSTALL_PATH = "$(LOCAL_LIBRARY_DIR)/Frameworks";
				IPHONEOS_DEPLOYMENT_TARGET = 8.0;
				LD_RUNPATH_SEARCH_PATHS = "$(inherited) @executable_path/Frameworks @loader_path/Frameworks";
				METAL_ENABLE_DEBUG_INFO = NO;
				PRODUCT_NAME = "$(TARGET_NAME)";
				PROVISIONING_PROFILE = "";
				SKIP_INSTALL = YES;
				TARGETED_DEVICE_FAMILY = "1,2";
				VERSIONING_SYSTEM = "apple-generic";
				VERSION_INFO_PREFIX = "";
			};
			name = Release;
		};
/* End XCBuildConfiguration section */

/* Begin XCConfigurationList section */
		604CCD8416A6F31000E87194 /* Build configuration list for PBXProject "FlowMeter" */ = {
			isa = XCConfigurationList;
			buildConfigurations = (
				604CCDAC16A6F31100E87194 /* Debug */,
				604CCDAD16A6F31100E87194 /* Release */,
			);
			defaultConfigurationIsVisible = 0;
			defaultConfigurationName = Release;
		};
		604CCDAE16A6F31100E87194 /* Build configuration list for PBXNativeTarget "FlowMeter" */ = {
			isa = XCConfigurationList;
			buildConfigurations = (
				604CCDAF16A6F31100E87194 /* Debug */,
				604CCDB016A6F31100E87194 /* Release */,
			);
			defaultConfigurationIsVisible = 0;
			defaultConfigurationName = Release;
		};
		D31AA2CF1951FD19004ACB8D /* Build configuration list for PBXNativeTarget "HeartRateMonitor" */ = {
			isa = XCConfigurationList;
			buildConfigurations = (
				D31AA2C91951FD19004ACB8D /* Debug */,
				D31AA2CA1951FD19004ACB8D /* Release */,
			);
			defaultConfigurationIsVisible = 0;
			defaultConfigurationName = Release;
		};
/* End XCConfigurationList section */

/* Begin XCVersionGroup section */
		D3B5EF4F19ED55E100572C01 /* FlowMeter.xcdatamodeld */ = {
			isa = XCVersionGroup;
			children = (
				D3A5D11819ED60030067897B /* FlowMeter-Version-005.xcdatamodel */,
				D3A5D11519ED58DF0067897B /* FlowMeter-Version-004.xcdatamodel */,
				D3B5EF5019ED55E100572C01 /* FlowMeter-Version-002.xcdatamodel */,
				D3B5EF5119ED55E100572C01 /* FlowMeter-Version-003.xcdatamodel */,
				D3B5EF5219ED55E100572C01 /* FlowMeter.xcdatamodel */,
			);
			currentVersion = D3A5D11819ED60030067897B /* FlowMeter-Version-005.xcdatamodel */;
			name = FlowMeter.xcdatamodeld;
			path = "supporting-files/FlowMeter.xcdatamodeld";
			sourceTree = "<group>";
			versionGroupType = wrapper.xcdatamodel;
		};
/* End XCVersionGroup section */
	};
	rootObject = 604CCD8116A6F31000E87194 /* Project object */;
}
